// !$*UTF8*$!
{
	archiveVersion = 1;
	classes = {
	};
	objectVersion = 46;
	objects = {

/* Begin PBXBuildFile section */
		8705BAA31CFF1A4100165944 /* SampleViewController.m in Sources */ = {isa = PBXBuildFile; fileRef = 8705BAA21CFF1A4100165944 /* SampleViewController.m */; };
		8709F3401CDF7D15002BE9BC /* monster.wav in Resources */ = {isa = PBXBuildFile; fileRef = 8709F33F1CDF7D15002BE9BC /* monster.wav */; };
		8709F3421CDF7ECE002BE9BC /* button_press.wav in Resources */ = {isa = PBXBuildFile; fileRef = 8709F3411CDF7ECE002BE9BC /* button_press.wav */; };
		8709F3461CDF99C3002BE9BC /* FireworksEmitterView.m in Sources */ = {isa = PBXBuildFile; fileRef = 8709F3451CDF99C3002BE9BC /* FireworksEmitterView.m */; };
		870D07971CC654D900E5560F /* UIWindow+AdvancedWindow.m in Sources */ = {isa = PBXBuildFile; fileRef = 870D07961CC654D900E5560F /* UIWindow+AdvancedWindow.m */; };
		870D079B1CC6585100E5560F /* GameStoryboard.storyboard in Resources */ = {isa = PBXBuildFile; fileRef = 870D079A1CC6585100E5560F /* GameStoryboard.storyboard */; };
		871029691CCE6AEC00E99C8A /* AVFoundation.framework in Frameworks */ = {isa = PBXBuildFile; fileRef = 871029681CCE6AEC00E99C8A /* AVFoundation.framework */; };
		8710296B1CCE6D7000E99C8A /* battle.mp3 in Resources */ = {isa = PBXBuildFile; fileRef = 8710296A1CCE6D7000E99C8A /* battle.mp3 */; };
		8710296D1CCE851F00E99C8A /* coinsound.mp3 in Resources */ = {isa = PBXBuildFile; fileRef = 8710296C1CCE851F00E99C8A /* coinsound.mp3 */; };
		8710296F1CCE8AD400E99C8A /* powerup.wav in Resources */ = {isa = PBXBuildFile; fileRef = 8710296E1CCE8AD400E99C8A /* powerup.wav */; };
		871029711CCE8D9700E99C8A /* mariodie.wav in Resources */ = {isa = PBXBuildFile; fileRef = 871029701CCE8D9700E99C8A /* mariodie.wav */; };
		871029731CCE8DA600E99C8A /* clear.wav in Resources */ = {isa = PBXBuildFile; fileRef = 871029721CCE8DA600E99C8A /* clear.wav */; };
		871029761CCE910900E99C8A /* SoundManager.m in Sources */ = {isa = PBXBuildFile; fileRef = 871029751CCE910900E99C8A /* SoundManager.m */; };
		871029841CCE9E9300E99C8A /* Level.m in Sources */ = {isa = PBXBuildFile; fileRef = 871029831CCE9E9300E99C8A /* Level.m */; };
		871211641CAAD65A00289B8C /* GoogleService-Info.plist in Resources */ = {isa = PBXBuildFile; fileRef = 871211631CAAD65A00289B8C /* GoogleService-Info.plist */; };
		8744CC821CFDCCA600E3DAA0 /* Sample.xml in Resources */ = {isa = PBXBuildFile; fileRef = 8744CC811CFDCCA600E3DAA0 /* Sample.xml */; };
		8744CC851CFDD7B400E3DAA0 /* XMLTableViewController.m in Sources */ = {isa = PBXBuildFile; fileRef = 8744CC841CFDD7B400E3DAA0 /* XMLTableViewController.m */; };
		8744CC891CFDD9CE00E3DAA0 /* Sample.m in Sources */ = {isa = PBXBuildFile; fileRef = 8744CC881CFDD9CE00E3DAA0 /* Sample.m */; };
		877BD7941C99F46000398BF4 /* main.m in Sources */ = {isa = PBXBuildFile; fileRef = 877BD7931C99F46000398BF4 /* main.m */; };
		877BD7971C99F46100398BF4 /* AppDelegate.m in Sources */ = {isa = PBXBuildFile; fileRef = 877BD7961C99F46100398BF4 /* AppDelegate.m */; };
		877BD79A1C99F46100398BF4 /* ViewController.m in Sources */ = {isa = PBXBuildFile; fileRef = 877BD7991C99F46100398BF4 /* ViewController.m */; };
		877BD79D1C99F46200398BF4 /* Main.storyboard in Resources */ = {isa = PBXBuildFile; fileRef = 877BD79B1C99F46200398BF4 /* Main.storyboard */; };
		877BD79F1C99F46200398BF4 /* Assets.xcassets in Resources */ = {isa = PBXBuildFile; fileRef = 877BD79E1C99F46200398BF4 /* Assets.xcassets */; };
		877BD7A21C99F46200398BF4 /* LaunchScreen.storyboard in Resources */ = {isa = PBXBuildFile; fileRef = 877BD7A01C99F46200398BF4 /* LaunchScreen.storyboard */; };
		877BD7AB1C99F5D200398BF4 /* LayerView.m in Sources */ = {isa = PBXBuildFile; fileRef = 877BD7AA1C99F5D200398BF4 /* LayerView.m */; };
		877BD7AD1C99F62800398BF4 /* QuartzCore.framework in Frameworks */ = {isa = PBXBuildFile; fileRef = 877BD7AC1C99F62800398BF4 /* QuartzCore.framework */; };
		879922E41CAAB73D00F14517 /* CoreViewController.m in Sources */ = {isa = PBXBuildFile; fileRef = 879922E31CAAB73D00F14517 /* CoreViewController.m */; };
		879B415C1CFF0D4A003BCA9B /* SampleTableViewCell.m in Sources */ = {isa = PBXBuildFile; fileRef = 879B415B1CFF0D4A003BCA9B /* SampleTableViewCell.m */; };
		DB011CB4E9F87F51FD720AB3 /* libPods-CANimations.a in Frameworks */ = {isa = PBXBuildFile; fileRef = 56B8F410D7F2B967353E3DD5 /* libPods-CANimations.a */; };
/* End PBXBuildFile section */

/* Begin PBXFileReference section */
		11195716F3178C0697760735 /* Pods-CANimations.release.xcconfig */ = {isa = PBXFileReference; includeInIndex = 1; lastKnownFileType = text.xcconfig; name = "Pods-CANimations.release.xcconfig"; path = "Pods/Target Support Files/Pods-CANimations/Pods-CANimations.release.xcconfig"; sourceTree = "<group>"; };
		56B8F410D7F2B967353E3DD5 /* libPods-CANimations.a */ = {isa = PBXFileReference; explicitFileType = archive.ar; includeInIndex = 0; path = "libPods-CANimations.a"; sourceTree = BUILT_PRODUCTS_DIR; };
		78EC8CBF724E3B7B0874CD91 /* Pods-CANimations.debug.xcconfig */ = {isa = PBXFileReference; includeInIndex = 1; lastKnownFileType = text.xcconfig; name = "Pods-CANimations.debug.xcconfig"; path = "Pods/Target Support Files/Pods-CANimations/Pods-CANimations.debug.xcconfig"; sourceTree = "<group>"; };
		8705BAA11CFF1A4100165944 /* SampleViewController.h */ = {isa = PBXFileReference; fileEncoding = 4; lastKnownFileType = sourcecode.c.h; path = SampleViewController.h; sourceTree = "<group>"; };
		8705BAA21CFF1A4100165944 /* SampleViewController.m */ = {isa = PBXFileReference; fileEncoding = 4; lastKnownFileType = sourcecode.c.objc; path = SampleViewController.m; sourceTree = "<group>"; };
		8709F33F1CDF7D15002BE9BC /* monster.wav */ = {isa = PBXFileReference; lastKnownFileType = audio.wav; path = monster.wav; sourceTree = "<group>"; };
		8709F3411CDF7ECE002BE9BC /* button_press.wav */ = {isa = PBXFileReference; lastKnownFileType = audio.wav; path = button_press.wav; sourceTree = "<group>"; };
		8709F3441CDF99C3002BE9BC /* FireworksEmitterView.h */ = {isa = PBXFileReference; fileEncoding = 4; lastKnownFileType = sourcecode.c.h; path = FireworksEmitterView.h; sourceTree = "<group>"; };
		8709F3451CDF99C3002BE9BC /* FireworksEmitterView.m */ = {isa = PBXFileReference; fileEncoding = 4; lastKnownFileType = sourcecode.c.objc; path = FireworksEmitterView.m; sourceTree = "<group>"; };
		870D07951CC654D900E5560F /* UIWindow+AdvancedWindow.h */ = {isa = PBXFileReference; fileEncoding = 4; lastKnownFileType = sourcecode.c.h; path = "UIWindow+AdvancedWindow.h"; sourceTree = "<group>"; };
		870D07961CC654D900E5560F /* UIWindow+AdvancedWindow.m */ = {isa = PBXFileReference; fileEncoding = 4; lastKnownFileType = sourcecode.c.objc; path = "UIWindow+AdvancedWindow.m"; sourceTree = "<group>"; };
		870D079A1CC6585100E5560F /* GameStoryboard.storyboard */ = {isa = PBXFileReference; fileEncoding = 4; lastKnownFileType = file.storyboard; path = GameStoryboard.storyboard; sourceTree = "<group>"; };
		871029681CCE6AEC00E99C8A /* AVFoundation.framework */ = {isa = PBXFileReference; lastKnownFileType = wrapper.framework; name = AVFoundation.framework; path = System/Library/Frameworks/AVFoundation.framework; sourceTree = SDKROOT; };
		8710296A1CCE6D7000E99C8A /* battle.mp3 */ = {isa = PBXFileReference; lastKnownFileType = audio.mp3; path = battle.mp3; sourceTree = "<group>"; };
		8710296C1CCE851F00E99C8A /* coinsound.mp3 */ = {isa = PBXFileReference; lastKnownFileType = audio.mp3; path = coinsound.mp3; sourceTree = "<group>"; };
		8710296E1CCE8AD400E99C8A /* powerup.wav */ = {isa = PBXFileReference; lastKnownFileType = audio.wav; path = powerup.wav; sourceTree = "<group>"; };
		871029701CCE8D9700E99C8A /* mariodie.wav */ = {isa = PBXFileReference; lastKnownFileType = audio.wav; path = mariodie.wav; sourceTree = "<group>"; };
		871029721CCE8DA600E99C8A /* clear.wav */ = {isa = PBXFileReference; lastKnownFileType = audio.wav; path = clear.wav; sourceTree = "<group>"; };
		871029741CCE910900E99C8A /* SoundManager.h */ = {isa = PBXFileReference; fileEncoding = 4; lastKnownFileType = sourcecode.c.h; path = SoundManager.h; sourceTree = "<group>"; };
		871029751CCE910900E99C8A /* SoundManager.m */ = {isa = PBXFileReference; fileEncoding = 4; lastKnownFileType = sourcecode.c.objc; path = SoundManager.m; sourceTree = "<group>"; };
		871029821CCE9E9300E99C8A /* Level.h */ = {isa = PBXFileReference; fileEncoding = 4; lastKnownFileType = sourcecode.c.h; path = Level.h; sourceTree = "<group>"; };
		871029831CCE9E9300E99C8A /* Level.m */ = {isa = PBXFileReference; fileEncoding = 4; lastKnownFileType = sourcecode.c.objc; path = Level.m; sourceTree = "<group>"; };
		871211631CAAD65A00289B8C /* GoogleService-Info.plist */ = {isa = PBXFileReference; fileEncoding = 4; lastKnownFileType = text.plist.xml; path = "GoogleService-Info.plist"; sourceTree = "<group>"; };
		8744CC811CFDCCA600E3DAA0 /* Sample.xml */ = {isa = PBXFileReference; fileEncoding = 4; lastKnownFileType = text.xml; path = Sample.xml; sourceTree = "<group>"; };
		8744CC831CFDD7B400E3DAA0 /* XMLTableViewController.h */ = {isa = PBXFileReference; fileEncoding = 4; lastKnownFileType = sourcecode.c.h; path = XMLTableViewController.h; sourceTree = "<group>"; };
		8744CC841CFDD7B400E3DAA0 /* XMLTableViewController.m */ = {isa = PBXFileReference; fileEncoding = 4; lastKnownFileType = sourcecode.c.objc; path = XMLTableViewController.m; sourceTree = "<group>"; };
		8744CC871CFDD9CE00E3DAA0 /* Sample.h */ = {isa = PBXFileReference; fileEncoding = 4; lastKnownFileType = sourcecode.c.h; path = Sample.h; sourceTree = "<group>"; };
		8744CC881CFDD9CE00E3DAA0 /* Sample.m */ = {isa = PBXFileReference; fileEncoding = 4; lastKnownFileType = sourcecode.c.objc; path = Sample.m; sourceTree = "<group>"; };
		877BD78F1C99F46000398BF4 /* CANimations.app */ = {isa = PBXFileReference; explicitFileType = wrapper.application; includeInIndex = 0; path = CANimations.app; sourceTree = BUILT_PRODUCTS_DIR; };
		877BD7931C99F46000398BF4 /* main.m */ = {isa = PBXFileReference; lastKnownFileType = sourcecode.c.objc; path = main.m; sourceTree = "<group>"; };
		877BD7951C99F46100398BF4 /* AppDelegate.h */ = {isa = PBXFileReference; lastKnownFileType = sourcecode.c.h; path = AppDelegate.h; sourceTree = "<group>"; };
		877BD7961C99F46100398BF4 /* AppDelegate.m */ = {isa = PBXFileReference; lastKnownFileType = sourcecode.c.objc; path = AppDelegate.m; sourceTree = "<group>"; };
		877BD7981C99F46100398BF4 /* ViewController.h */ = {isa = PBXFileReference; lastKnownFileType = sourcecode.c.h; path = ViewController.h; sourceTree = "<group>"; };
		877BD7991C99F46100398BF4 /* ViewController.m */ = {isa = PBXFileReference; lastKnownFileType = sourcecode.c.objc; path = ViewController.m; sourceTree = "<group>"; };
		877BD79C1C99F46200398BF4 /* Base */ = {isa = PBXFileReference; lastKnownFileType = file.storyboard; name = Base; path = Base.lproj/Main.storyboard; sourceTree = "<group>"; };
		877BD79E1C99F46200398BF4 /* Assets.xcassets */ = {isa = PBXFileReference; lastKnownFileType = folder.assetcatalog; path = Assets.xcassets; sourceTree = "<group>"; };
		877BD7A11C99F46200398BF4 /* Base */ = {isa = PBXFileReference; lastKnownFileType = file.storyboard; name = Base; path = Base.lproj/LaunchScreen.storyboard; sourceTree = "<group>"; };
		877BD7A31C99F46200398BF4 /* Info.plist */ = {isa = PBXFileReference; lastKnownFileType = text.plist.xml; path = Info.plist; sourceTree = "<group>"; };
		877BD7A91C99F5D200398BF4 /* LayerView.h */ = {isa = PBXFileReference; fileEncoding = 4; lastKnownFileType = sourcecode.c.h; path = LayerView.h; sourceTree = "<group>"; };
		877BD7AA1C99F5D200398BF4 /* LayerView.m */ = {isa = PBXFileReference; fileEncoding = 4; lastKnownFileType = sourcecode.c.objc; path = LayerView.m; sourceTree = "<group>"; };
		877BD7AC1C99F62800398BF4 /* QuartzCore.framework */ = {isa = PBXFileReference; lastKnownFileType = wrapper.framework; name = QuartzCore.framework; path = System/Library/Frameworks/QuartzCore.framework; sourceTree = SDKROOT; };
		879922E21CAAB73D00F14517 /* CoreViewController.h */ = {isa = PBXFileReference; fileEncoding = 4; lastKnownFileType = sourcecode.c.h; path = CoreViewController.h; sourceTree = "<group>"; };
		879922E31CAAB73D00F14517 /* CoreViewController.m */ = {isa = PBXFileReference; fileEncoding = 4; lastKnownFileType = sourcecode.c.objc; path = CoreViewController.m; sourceTree = "<group>"; };
		879B415A1CFF0D4A003BCA9B /* SampleTableViewCell.h */ = {isa = PBXFileReference; fileEncoding = 4; lastKnownFileType = sourcecode.c.h; path = SampleTableViewCell.h; sourceTree = "<group>"; };
		879B415B1CFF0D4A003BCA9B /* SampleTableViewCell.m */ = {isa = PBXFileReference; fileEncoding = 4; lastKnownFileType = sourcecode.c.objc; path = SampleTableViewCell.m; sourceTree = "<group>"; };
/* End PBXFileReference section */

/* Begin PBXFrameworksBuildPhase section */
		877BD78C1C99F46000398BF4 /* Frameworks */ = {
			isa = PBXFrameworksBuildPhase;
			buildActionMask = 2147483647;
			files = (
				871029691CCE6AEC00E99C8A /* AVFoundation.framework in Frameworks */,
				877BD7AD1C99F62800398BF4 /* QuartzCore.framework in Frameworks */,
				DB011CB4E9F87F51FD720AB3 /* libPods-CANimations.a in Frameworks */,
			);
			runOnlyForDeploymentPostprocessing = 0;
		};
/* End PBXFrameworksBuildPhase section */

/* Begin PBXGroup section */
		15FF3E2756ED22D846FA307F /* Frameworks */ = {
			isa = PBXGroup;
			children = (
				877BD7AC1C99F62800398BF4 /* QuartzCore.framework */,
				871029681CCE6AEC00E99C8A /* AVFoundation.framework */,
				56B8F410D7F2B967353E3DD5 /* libPods-CANimations.a */,
			);
			name = Frameworks;
			sourceTree = "<group>";
		};
		7D8035FFA441B2FD8744F38B /* Pods */ = {
			isa = PBXGroup;
			children = (
				78EC8CBF724E3B7B0874CD91 /* Pods-CANimations.debug.xcconfig */,
				11195716F3178C0697760735 /* Pods-CANimations.release.xcconfig */,
			);
			name = Pods;
			sourceTree = "<group>";
		};
		8705BA9F1CFF19D500165944 /* SampleViewController */ = {
			isa = PBXGroup;
			children = (
				8705BAA11CFF1A4100165944 /* SampleViewController.h */,
				8705BAA21CFF1A4100165944 /* SampleViewController.m */,
			);
			name = SampleViewController;
			sourceTree = "<group>";
		};
		8705BAA01CFF19F100165944 /* CoreViewController */ = {
			isa = PBXGroup;
			children = (
				879922E21CAAB73D00F14517 /* CoreViewController.h */,
				879922E31CAAB73D00F14517 /* CoreViewController.m */,
			);
			name = CoreViewController;
			sourceTree = "<group>";
		};
		8709F3431CDF9971002BE9BC /* CAEmitterLayer */ = {
			isa = PBXGroup;
			children = (
				8709F3441CDF99C3002BE9BC /* FireworksEmitterView.h */,
				8709F3451CDF99C3002BE9BC /* FireworksEmitterView.m */,
			);
			name = CAEmitterLayer;
			sourceTree = "<group>";
		};
		871029771CCE9A1E00E99C8A /* Sounds */ = {
			isa = PBXGroup;
			children = (
				8709F3411CDF7ECE002BE9BC /* button_press.wav */,
				8709F33F1CDF7D15002BE9BC /* monster.wav */,
				871029701CCE8D9700E99C8A /* mariodie.wav */,
				871029721CCE8DA600E99C8A /* clear.wav */,
				8710296E1CCE8AD400E99C8A /* powerup.wav */,
				8710296C1CCE851F00E99C8A /* coinsound.mp3 */,
				8710296A1CCE6D7000E99C8A /* battle.mp3 */,
			);
			name = Sounds;
			sourceTree = "<group>";
		};
		871029781CCE9A8300E99C8A /* Storyboards */ = {
			isa = PBXGroup;
			children = (
				877BD7A01C99F46200398BF4 /* LaunchScreen.storyboard */,
				877BD79B1C99F46200398BF4 /* Main.storyboard */,
				870D079A1CC6585100E5560F /* GameStoryboard.storyboard */,
			);
			name = Storyboards;
			sourceTree = "<group>";
		};
		871029791CCE9ACF00E99C8A /* CALayerView */ = {
			isa = PBXGroup;
			children = (
				877BD7A91C99F5D200398BF4 /* LayerView.h */,
				877BD7AA1C99F5D200398BF4 /* LayerView.m */,
			);
			name = CALayerView;
			sourceTree = "<group>";
		};
		8710297A1CCE9AFB00E99C8A /* Controllers */ = {
			isa = PBXGroup;
			children = (
				8710297C1CCE9B5400E99C8A /* GameStoryboard */,
				8710297B1CCE9B2C00E99C8A /* MainStoryboard */,
			);
			name = Controllers;
			sourceTree = "<group>";
		};
		8710297B1CCE9B2C00E99C8A /* MainStoryboard */ = {
			isa = PBXGroup;
			children = (
				8705BA9F1CFF19D500165944 /* SampleViewController */,
				8705BAA01CFF19F100165944 /* CoreViewController */,
				8744CC861CFDD7C000E3DAA0 /* XMLTableViewController */,
			);
			name = MainStoryboard;
			sourceTree = "<group>";
		};
		8710297C1CCE9B5400E99C8A /* GameStoryboard */ = {
			isa = PBXGroup;
			children = (
				877BD7981C99F46100398BF4 /* ViewController.h */,
				877BD7991C99F46100398BF4 /* ViewController.m */,
			);
			name = GameStoryboard;
			sourceTree = "<group>";
		};
		8710297D1CCE9BF300E99C8A /* CoreComponents */ = {
			isa = PBXGroup;
			children = (
				8710297E1CCE9C0E00E99C8A /* SoundManager */,
			);
			name = CoreComponents;
			sourceTree = "<group>";
		};
		8710297E1CCE9C0E00E99C8A /* SoundManager */ = {
			isa = PBXGroup;
			children = (
				871029741CCE910900E99C8A /* SoundManager.h */,
				871029751CCE910900E99C8A /* SoundManager.m */,
			);
			name = SoundManager;
			sourceTree = "<group>";
		};
		8710297F1CCE9D2600E99C8A /* Categories */ = {
			isa = PBXGroup;
			children = (
				870D07951CC654D900E5560F /* UIWindow+AdvancedWindow.h */,
				870D07961CC654D900E5560F /* UIWindow+AdvancedWindow.m */,
			);
			name = Categories;
			sourceTree = "<group>";
		};
		871029801CCE9D9500E99C8A /* UIComponents */ = {
			isa = PBXGroup;
			children = (
				879B41591CFF0D19003BCA9B /* UItableViewCell */,
				8709F3431CDF9971002BE9BC /* CAEmitterLayer */,
				871029791CCE9ACF00E99C8A /* CALayerView */,
			);
			name = UIComponents;
			sourceTree = "<group>";
		};
		871029811CCE9E7700E99C8A /* Models */ = {
			isa = PBXGroup;
			children = (
				871029821CCE9E9300E99C8A /* Level.h */,
				871029831CCE9E9300E99C8A /* Level.m */,
				8744CC871CFDD9CE00E3DAA0 /* Sample.h */,
				8744CC881CFDD9CE00E3DAA0 /* Sample.m */,
			);
			name = Models;
			sourceTree = "<group>";
		};
		8744CC861CFDD7C000E3DAA0 /* XMLTableViewController */ = {
			isa = PBXGroup;
			children = (
				8744CC831CFDD7B400E3DAA0 /* XMLTableViewController.h */,
				8744CC841CFDD7B400E3DAA0 /* XMLTableViewController.m */,
			);
			name = XMLTableViewController;
			sourceTree = "<group>";
		};
		877BD7861C99F46000398BF4 = {
			isa = PBXGroup;
			children = (
				877BD7911C99F46000398BF4 /* CANimations */,
				877BD7901C99F46000398BF4 /* Products */,
				7D8035FFA441B2FD8744F38B /* Pods */,
				15FF3E2756ED22D846FA307F /* Frameworks */,
			);
			sourceTree = "<group>";
		};
		877BD7901C99F46000398BF4 /* Products */ = {
			isa = PBXGroup;
			children = (
				877BD78F1C99F46000398BF4 /* CANimations.app */,
			);
			name = Products;
			sourceTree = "<group>";
		};
		877BD7911C99F46000398BF4 /* CANimations */ = {
			isa = PBXGroup;
			children = (
				871029811CCE9E7700E99C8A /* Models */,
				8710297A1CCE9AFB00E99C8A /* Controllers */,
				8710297D1CCE9BF300E99C8A /* CoreComponents */,
				871029801CCE9D9500E99C8A /* UIComponents */,
				871029781CCE9A8300E99C8A /* Storyboards */,
				877BD7921C99F46000398BF4 /* Supporting Files */,
			);
			path = CANimations;
			sourceTree = "<group>";
		};
		877BD7921C99F46000398BF4 /* Supporting Files */ = {
			isa = PBXGroup;
			children = (
				871029771CCE9A1E00E99C8A /* Sounds */,
				8710297F1CCE9D2600E99C8A /* Categories */,
				871211631CAAD65A00289B8C /* GoogleService-Info.plist */,
				8744CC811CFDCCA600E3DAA0 /* Sample.xml */,
				877BD79E1C99F46200398BF4 /* Assets.xcassets */,
				877BD7951C99F46100398BF4 /* AppDelegate.h */,
				877BD7961C99F46100398BF4 /* AppDelegate.m */,
				877BD7A31C99F46200398BF4 /* Info.plist */,
				877BD7931C99F46000398BF4 /* main.m */,
			);
			name = "Supporting Files";
			sourceTree = "<group>";
		};
		879B41591CFF0D19003BCA9B /* UItableViewCell */ = {
			isa = PBXGroup;
			children = (
				879B415A1CFF0D4A003BCA9B /* SampleTableViewCell.h */,
				879B415B1CFF0D4A003BCA9B /* SampleTableViewCell.m */,
			);
			name = UItableViewCell;
			sourceTree = "<group>";
		};
/* End PBXGroup section */

/* Begin PBXNativeTarget section */
		877BD78E1C99F46000398BF4 /* CANimations */ = {
			isa = PBXNativeTarget;
			buildConfigurationList = 877BD7A61C99F46200398BF4 /* Build configuration list for PBXNativeTarget "CANimations" */;
			buildPhases = (
				D83FEDBDED98FE4FBA0FAC54 /* Check Pods Manifest.lock */,
				877BD78B1C99F46000398BF4 /* Sources */,
				877BD78C1C99F46000398BF4 /* Frameworks */,
				877BD78D1C99F46000398BF4 /* Resources */,
				436CE879F274ED8F9370D5B6 /* Embed Pods Frameworks */,
				27950A1EEE1BCA3441EFE0AA /* Copy Pods Resources */,
			);
			buildRules = (
			);
			dependencies = (
			);
			name = CANimations;
			productName = CANimations;
			productReference = 877BD78F1C99F46000398BF4 /* CANimations.app */;
			productType = "com.apple.product-type.application";
		};
/* End PBXNativeTarget section */

/* Begin PBXProject section */
		877BD7871C99F46000398BF4 /* Project object */ = {
			isa = PBXProject;
			attributes = {
				LastUpgradeCheck = 0720;
				ORGANIZATIONNAME = "Vladyslav Gamalii";
				TargetAttributes = {
					877BD78E1C99F46000398BF4 = {
						CreatedOnToolsVersion = 7.2;
						DevelopmentTeam = 38RMNWSM28;
					};
				};
			};
			buildConfigurationList = 877BD78A1C99F46000398BF4 /* Build configuration list for PBXProject "CANimations" */;
			compatibilityVersion = "Xcode 3.2";
			developmentRegion = English;
			hasScannedForEncodings = 0;
			knownRegions = (
				en,
				Base,
			);
			mainGroup = 877BD7861C99F46000398BF4;
			productRefGroup = 877BD7901C99F46000398BF4 /* Products */;
			projectDirPath = "";
			projectRoot = "";
			targets = (
				877BD78E1C99F46000398BF4 /* CANimations */,
			);
		};
/* End PBXProject section */

/* Begin PBXResourcesBuildPhase section */
		877BD78D1C99F46000398BF4 /* Resources */ = {
			isa = PBXResourcesBuildPhase;
			buildActionMask = 2147483647;
			files = (
				8709F3421CDF7ECE002BE9BC /* button_press.wav in Resources */,
				8709F3401CDF7D15002BE9BC /* monster.wav in Resources */,
				877BD7A21C99F46200398BF4 /* LaunchScreen.storyboard in Resources */,
				8710296F1CCE8AD400E99C8A /* powerup.wav in Resources */,
				871029711CCE8D9700E99C8A /* mariodie.wav in Resources */,
				8744CC821CFDCCA600E3DAA0 /* Sample.xml in Resources */,
				870D079B1CC6585100E5560F /* GameStoryboard.storyboard in Resources */,
				8710296D1CCE851F00E99C8A /* coinsound.mp3 in Resources */,
				871211641CAAD65A00289B8C /* GoogleService-Info.plist in Resources */,
				877BD79F1C99F46200398BF4 /* Assets.xcassets in Resources */,
				8710296B1CCE6D7000E99C8A /* battle.mp3 in Resources */,
				871029731CCE8DA600E99C8A /* clear.wav in Resources */,
				877BD79D1C99F46200398BF4 /* Main.storyboard in Resources */,
			);
			runOnlyForDeploymentPostprocessing = 0;
		};
/* End PBXResourcesBuildPhase section */

/* Begin PBXShellScriptBuildPhase section */
		27950A1EEE1BCA3441EFE0AA /* Copy Pods Resources */ = {
			isa = PBXShellScriptBuildPhase;
			buildActionMask = 2147483647;
			files = (
			);
			inputPaths = (
			);
			name = "Copy Pods Resources";
			outputPaths = (
			);
			runOnlyForDeploymentPostprocessing = 0;
			shellPath = /bin/sh;
			shellScript = "\"${SRCROOT}/Pods/Target Support Files/Pods-CANimations/Pods-CANimations-resources.sh\"\n";
			showEnvVarsInLog = 0;
		};
		436CE879F274ED8F9370D5B6 /* Embed Pods Frameworks */ = {
			isa = PBXShellScriptBuildPhase;
			buildActionMask = 2147483647;
			files = (
			);
			inputPaths = (
			);
			name = "Embed Pods Frameworks";
			outputPaths = (
			);
			runOnlyForDeploymentPostprocessing = 0;
			shellPath = /bin/sh;
			shellScript = "\"${SRCROOT}/Pods/Target Support Files/Pods-CANimations/Pods-CANimations-frameworks.sh\"\n";
			showEnvVarsInLog = 0;
		};
		D83FEDBDED98FE4FBA0FAC54 /* Check Pods Manifest.lock */ = {
			isa = PBXShellScriptBuildPhase;
			buildActionMask = 2147483647;
			files = (
			);
			inputPaths = (
			);
			name = "Check Pods Manifest.lock";
			outputPaths = (
			);
			runOnlyForDeploymentPostprocessing = 0;
			shellPath = /bin/sh;
			shellScript = "diff \"${PODS_ROOT}/../Podfile.lock\" \"${PODS_ROOT}/Manifest.lock\" > /dev/null\nif [[ $? != 0 ]] ; then\n    cat << EOM\nerror: The sandbox is not in sync with the Podfile.lock. Run 'pod install' or update your CocoaPods installation.\nEOM\n    exit 1\nfi\n";
			showEnvVarsInLog = 0;
		};
/* End PBXShellScriptBuildPhase section */

/* Begin PBXSourcesBuildPhase section */
		877BD78B1C99F46000398BF4 /* Sources */ = {
			isa = PBXSourcesBuildPhase;
			buildActionMask = 2147483647;
			files = (
				8705BAA31CFF1A4100165944 /* SampleViewController.m in Sources */,
				879922E41CAAB73D00F14517 /* CoreViewController.m in Sources */,
				877BD79A1C99F46100398BF4 /* ViewController.m in Sources */,
				871029841CCE9E9300E99C8A /* Level.m in Sources */,
				877BD7971C99F46100398BF4 /* AppDelegate.m in Sources */,
				877BD7AB1C99F5D200398BF4 /* LayerView.m in Sources */,
				879B415C1CFF0D4A003BCA9B /* SampleTableViewCell.m in Sources */,
				877BD7941C99F46000398BF4 /* main.m in Sources */,
				871029761CCE910900E99C8A /* SoundManager.m in Sources */,
				8744CC851CFDD7B400E3DAA0 /* XMLTableViewController.m in Sources */,
				870D07971CC654D900E5560F /* UIWindow+AdvancedWindow.m in Sources */,
				8744CC891CFDD9CE00E3DAA0 /* Sample.m in Sources */,
				8709F3461CDF99C3002BE9BC /* FireworksEmitterView.m in Sources */,
			);
			runOnlyForDeploymentPostprocessing = 0;
		};
/* End PBXSourcesBuildPhase section */

/* Begin PBXVariantGroup section */
		877BD79B1C99F46200398BF4 /* Main.storyboard */ = {
			isa = PBXVariantGroup;
			children = (
				877BD79C1C99F46200398BF4 /* Base */,
			);
			name = Main.storyboard;
			sourceTree = "<group>";
		};
		877BD7A01C99F46200398BF4 /* LaunchScreen.storyboard */ = {
			isa = PBXVariantGroup;
			children = (
				877BD7A11C99F46200398BF4 /* Base */,
			);
			name = LaunchScreen.storyboard;
			sourceTree = "<group>";
		};
/* End PBXVariantGroup section */

/* Begin XCBuildConfiguration section */
		877BD7A41C99F46200398BF4 /* Debug */ = {
			isa = XCBuildConfiguration;
			buildSettings = {
				ALWAYS_SEARCH_USER_PATHS = NO;
				CLANG_CXX_LANGUAGE_STANDARD = "gnu++0x";
				CLANG_CXX_LIBRARY = "libc++";
				CLANG_ENABLE_MODULES = YES;
				CLANG_ENABLE_OBJC_ARC = YES;
				CLANG_WARN_BOOL_CONVERSION = YES;
				CLANG_WARN_CONSTANT_CONVERSION = YES;
				CLANG_WARN_DIRECT_OBJC_ISA_USAGE = YES_ERROR;
				CLANG_WARN_EMPTY_BODY = YES;
				CLANG_WARN_ENUM_CONVERSION = YES;
				CLANG_WARN_INT_CONVERSION = YES;
				CLANG_WARN_OBJC_ROOT_CLASS = YES_ERROR;
				CLANG_WARN_UNREACHABLE_CODE = YES;
				CLANG_WARN__DUPLICATE_METHOD_MATCH = YES;
				"CODE_SIGN_IDENTITY[sdk=iphoneos*]" = "iPhone Developer";
				COPY_PHASE_STRIP = NO;
				DEBUG_INFORMATION_FORMAT = dwarf;
				ENABLE_STRICT_OBJC_MSGSEND = YES;
				ENABLE_TESTABILITY = YES;
				GCC_C_LANGUAGE_STANDARD = gnu99;
				GCC_DYNAMIC_NO_PIC = NO;
				GCC_NO_COMMON_BLOCKS = YES;
				GCC_OPTIMIZATION_LEVEL = 0;
				GCC_PREPROCESSOR_DEFINITIONS = (
					"DEBUG=1",
					"$(inherited)",
				);
				GCC_WARN_64_TO_32_BIT_CONVERSION = YES;
				GCC_WARN_ABOUT_RETURN_TYPE = YES_ERROR;
				GCC_WARN_UNDECLARED_SELECTOR = YES;
				GCC_WARN_UNINITIALIZED_AUTOS = YES_AGGRESSIVE;
				GCC_WARN_UNUSED_FUNCTION = YES;
				GCC_WARN_UNUSED_VARIABLE = YES;
				IPHONEOS_DEPLOYMENT_TARGET = 9.2;
				MTL_ENABLE_DEBUG_INFO = YES;
				ONLY_ACTIVE_ARCH = YES;
				SDKROOT = iphoneos;
			};
			name = Debug;
		};
		877BD7A51C99F46200398BF4 /* Release */ = {
			isa = XCBuildConfiguration;
			buildSettings = {
				ALWAYS_SEARCH_USER_PATHS = NO;
				CLANG_CXX_LANGUAGE_STANDARD = "gnu++0x";
				CLANG_CXX_LIBRARY = "libc++";
				CLANG_ENABLE_MODULES = YES;
				CLANG_ENABLE_OBJC_ARC = YES;
				CLANG_WARN_BOOL_CONVERSION = YES;
				CLANG_WARN_CONSTANT_CONVERSION = YES;
				CLANG_WARN_DIRECT_OBJC_ISA_USAGE = YES_ERROR;
				CLANG_WARN_EMPTY_BODY = YES;
				CLANG_WARN_ENUM_CONVERSION = YES;
				CLANG_WARN_INT_CONVERSION = YES;
				CLANG_WARN_OBJC_ROOT_CLASS = YES_ERROR;
				CLANG_WARN_UNREACHABLE_CODE = YES;
				CLANG_WARN__DUPLICATE_METHOD_MATCH = YES;
				"CODE_SIGN_IDENTITY[sdk=iphoneos*]" = "iPhone Developer";
				COPY_PHASE_STRIP = NO;
				DEBUG_INFORMATION_FORMAT = "dwarf-with-dsym";
				ENABLE_NS_ASSERTIONS = NO;
				ENABLE_STRICT_OBJC_MSGSEND = YES;
				GCC_C_LANGUAGE_STANDARD = gnu99;
				GCC_NO_COMMON_BLOCKS = YES;
				GCC_WARN_64_TO_32_BIT_CONVERSION = YES;
				GCC_WARN_ABOUT_RETURN_TYPE = YES_ERROR;
				GCC_WARN_UNDECLARED_SELECTOR = YES;
				GCC_WARN_UNINITIALIZED_AUTOS = YES_AGGRESSIVE;
				GCC_WARN_UNUSED_FUNCTION = YES;
				GCC_WARN_UNUSED_VARIABLE = YES;
				IPHONEOS_DEPLOYMENT_TARGET = 9.2;
				MTL_ENABLE_DEBUG_INFO = NO;
				SDKROOT = iphoneos;
				VALIDATE_PRODUCT = YES;
			};
			name = Release;
		};
		877BD7A71C99F46200398BF4 /* Debug */ = {
			isa = XCBuildConfiguration;
			baseConfigurationReference = 78EC8CBF724E3B7B0874CD91 /* Pods-CANimations.debug.xcconfig */;
			buildSettings = {
				ASSETCATALOG_COMPILER_APPICON_NAME = AppIcon;
				CODE_SIGN_IDENTITY = "iPhone Developer";
				"CODE_SIGN_IDENTITY[sdk=iphoneos*]" = "iPhone Developer";
				FRAMEWORK_SEARCH_PATHS = (
					"$(inherited)",
					"$(PROJECT_DIR)/CANimations/Documents/FacebookSDK",
				);
				INFOPLIST_FILE = CANimations/Info.plist;
				IPHONEOS_DEPLOYMENT_TARGET = 9.0;
				LD_RUNPATH_SEARCH_PATHS = "$(inherited) @executable_path/Frameworks";
				PRODUCT_BUNDLE_IDENTIFIER = VG.CANimations;
				PRODUCT_NAME = "$(TARGET_NAME)";
				PROVISIONING_PROFILE = "";
				TARGETED_DEVICE_FAMILY = 1;
			};
			name = Debug;
		};
		877BD7A81C99F46200398BF4 /* Release */ = {
			isa = XCBuildConfiguration;
			baseConfigurationReference = 11195716F3178C0697760735 /* Pods-CANimations.release.xcconfig */;
			buildSettings = {
				ASSETCATALOG_COMPILER_APPICON_NAME = AppIcon;
				CODE_SIGN_IDENTITY = "iPhone Developer";
				"CODE_SIGN_IDENTITY[sdk=iphoneos*]" = "iPhone Developer";
				FRAMEWORK_SEARCH_PATHS = (
					"$(inherited)",
					"$(PROJECT_DIR)/CANimations/Documents/FacebookSDK",
				);
				INFOPLIST_FILE = CANimations/Info.plist;
				IPHONEOS_DEPLOYMENT_TARGET = 9.0;
				LD_RUNPATH_SEARCH_PATHS = "$(inherited) @executable_path/Frameworks";
				PRODUCT_BUNDLE_IDENTIFIER = VG.CANimations;
				PRODUCT_NAME = "$(TARGET_NAME)";
				PROVISIONING_PROFILE = "";
				TARGETED_DEVICE_FAMILY = 1;
			};
			name = Release;
		};
/* End XCBuildConfiguration section */

/* Begin XCConfigurationList section */
		877BD78A1C99F46000398BF4 /* Build configuration list for PBXProject "CANimations" */ = {
			isa = XCConfigurationList;
			buildConfigurations = (
				877BD7A41C99F46200398BF4 /* Debug */,
				877BD7A51C99F46200398BF4 /* Release */,
			);
			defaultConfigurationIsVisible = 0;
			defaultConfigurationName = Release;
		};
		877BD7A61C99F46200398BF4 /* Build configuration list for PBXNativeTarget "CANimations" */ = {
			isa = XCConfigurationList;
			buildConfigurations = (
				877BD7A71C99F46200398BF4 /* Debug */,
				877BD7A81C99F46200398BF4 /* Release */,
			);
			defaultConfigurationIsVisible = 0;
			defaultConfigurationName = Release;
		};
/* End XCConfigurationList section */
	};
	rootObject = 877BD7871C99F46000398BF4 /* Project object */;
}
